// !$*UTF8*$!
{
	archiveVersion = 1;
	classes = {
	};
	objectVersion = 50;
	objects = {

/* Begin PBXBuildFile section */
		0C5AFE5220FE188A002B4A54 /* Iglesias.plist in Resources */ = {isa = PBXBuildFile; fileRef = 0C5AFE5120FE188A002B4A54 /* Iglesias.plist */; };
		0C5AFE5420FE18A5002B4A54 /* Iglesia.swift in Sources */ = {isa = PBXBuildFile; fileRef = 0C5AFE5320FE18A5002B4A54 /* Iglesia.swift */; };
		0C5E5B7C20F9D5280079F3E4 /* MenuViewController.swift in Sources */ = {isa = PBXBuildFile; fileRef = 0C5E5B7B20F9D5280079F3E4 /* MenuViewController.swift */; };
		0C5E5B7E20F9D7970079F3E4 /* AjustesViewController.swift in Sources */ = {isa = PBXBuildFile; fileRef = 0C5E5B7D20F9D7970079F3E4 /* AjustesViewController.swift */; };
		0C5E5B8020F9D9AE0079F3E4 /* CofradiasViewController.swift in Sources */ = {isa = PBXBuildFile; fileRef = 0C5E5B7F20F9D9AE0079F3E4 /* CofradiasViewController.swift */; };
		0C5E5B8220F9DA4A0079F3E4 /* Cofradia.swift in Sources */ = {isa = PBXBuildFile; fileRef = 0C5E5B8120F9DA4A0079F3E4 /* Cofradia.swift */; };
		0C5E5B8420FA1D810079F3E4 /* ProcesionesViewController.swift in Sources */ = {isa = PBXBuildFile; fileRef = 0C5E5B8320FA1D810079F3E4 /* ProcesionesViewController.swift */; };
		0C5E5B8620FA1D890079F3E4 /* MapaViewController.swift in Sources */ = {isa = PBXBuildFile; fileRef = 0C5E5B8520FA1D890079F3E4 /* MapaViewController.swift */; };
		0C5E5B8820FA1D920079F3E4 /* PasosViewController.swift in Sources */ = {isa = PBXBuildFile; fileRef = 0C5E5B8720FA1D920079F3E4 /* PasosViewController.swift */; };
		0C5E5B8A20FA1DA30079F3E4 /* DetalleProcesionViewController.swift in Sources */ = {isa = PBXBuildFile; fileRef = 0C5E5B8920FA1DA30079F3E4 /* DetalleProcesionViewController.swift */; };
		0C5E5B8C20FA1DAC0079F3E4 /* DetalleCofradiaViewController.swift in Sources */ = {isa = PBXBuildFile; fileRef = 0C5E5B8B20FA1DAC0079F3E4 /* DetalleCofradiaViewController.swift */; };
		0C5E5B8E20FA1DC40079F3E4 /* ProcesionesCofradiaViewController.swift in Sources */ = {isa = PBXBuildFile; fileRef = 0C5E5B8D20FA1DC40079F3E4 /* ProcesionesCofradiaViewController.swift */; };
		0C6A661D2143FBC500CC9D57 /* Helper.swift in Sources */ = {isa = PBXBuildFile; fileRef = 0C6A661C2143FBC500CC9D57 /* Helper.swift */; };
		0C8F749F20F8F8B700F9E952 /* AppDelegate.swift in Sources */ = {isa = PBXBuildFile; fileRef = 0C8F749E20F8F8B700F9E952 /* AppDelegate.swift */; };
		0C8F74A420F8F8B700F9E952 /* Main.storyboard in Resources */ = {isa = PBXBuildFile; fileRef = 0C8F74A220F8F8B700F9E952 /* Main.storyboard */; };
		0C8F74A620F8F8B800F9E952 /* Assets.xcassets in Resources */ = {isa = PBXBuildFile; fileRef = 0C8F74A520F8F8B800F9E952 /* Assets.xcassets */; };
		0C8F74A920F8F8B800F9E952 /* LaunchScreen.storyboard in Resources */ = {isa = PBXBuildFile; fileRef = 0C8F74A720F8F8B800F9E952 /* LaunchScreen.storyboard */; };
		0C8F74B420F8F8B800F9E952 /* Semana_Santa_ValladolidTests.swift in Sources */ = {isa = PBXBuildFile; fileRef = 0C8F74B320F8F8B800F9E952 /* Semana_Santa_ValladolidTests.swift */; };
		0C8F74BF20F8F8B800F9E952 /* Semana_Santa_ValladolidUITests.swift in Sources */ = {isa = PBXBuildFile; fileRef = 0C8F74BE20F8F8B800F9E952 /* Semana_Santa_ValladolidUITests.swift */; };
		0C8F74D220F8FF1D00F9E952 /* Dias.plist in Resources */ = {isa = PBXBuildFile; fileRef = 0C8F74D020F8FF1D00F9E952 /* Dias.plist */; };
		0C8F74D320F8FF1D00F9E952 /* Cofradias.plist in Resources */ = {isa = PBXBuildFile; fileRef = 0C8F74D120F8FF1D00F9E952 /* Cofradias.plist */; };
		0C8F74D520F90BF600F9E952 /* Dia.swift in Sources */ = {isa = PBXBuildFile; fileRef = 0C8F74D420F90BF600F9E952 /* Dia.swift */; };
		0C8F74D720F90C5100F9E952 /* Procesion.swift in Sources */ = {isa = PBXBuildFile; fileRef = 0C8F74D620F90C5100F9E952 /* Procesion.swift */; };
		0C8F74D920F90CDE00F9E952 /* DataManager.swift in Sources */ = {isa = PBXBuildFile; fileRef = 0C8F74D820F90CDE00F9E952 /* DataManager.swift */; };
		0CB9546320FBA01C00C35242 /* Crashlytics.framework in Frameworks */ = {isa = PBXBuildFile; fileRef = 0CB9546120FBA01B00C35242 /* Crashlytics.framework */; };
		0CB9546420FBA01C00C35242 /* Fabric.framework in Frameworks */ = {isa = PBXBuildFile; fileRef = 0CB9546220FBA01B00C35242 /* Fabric.framework */; };
		0CB9B4FF215B857700D51A1C /* Intents.intentdefinition in Sources */ = {isa = PBXBuildFile; fileRef = 0CB9B503215B857700D51A1C /* Intents.intentdefinition */; };
		0CB9B500215B857700D51A1C /* Intents.intentdefinition in Sources */ = {isa = PBXBuildFile; fileRef = 0CB9B503215B857700D51A1C /* Intents.intentdefinition */; };
		0CB9B501215B857700D51A1C /* Intents.intentdefinition in Sources */ = {isa = PBXBuildFile; fileRef = 0CB9B503215B857700D51A1C /* Intents.intentdefinition */; };
		0CC9FB702158C3B500097F7D /* IntentHandler.swift in Sources */ = {isa = PBXBuildFile; fileRef = 0CC9FB6F2158C3B500097F7D /* IntentHandler.swift */; };
		0CC9FB792158C3B500097F7D /* IntentsUI.framework in Frameworks */ = {isa = PBXBuildFile; fileRef = 0CC9FB782158C3B500097F7D /* IntentsUI.framework */; };
		0CC9FB7C2158C3B500097F7D /* IntentViewController.swift in Sources */ = {isa = PBXBuildFile; fileRef = 0CC9FB7B2158C3B500097F7D /* IntentViewController.swift */; };
		0CC9FB7F2158C3B500097F7D /* MainInterface.storyboard in Resources */ = {isa = PBXBuildFile; fileRef = 0CC9FB7D2158C3B500097F7D /* MainInterface.storyboard */; };
		0CC9FB832158C3B500097F7D /* SSVLLIntentsUI.appex in Embed App Extensions */ = {isa = PBXBuildFile; fileRef = 0CC9FB762158C3B500097F7D /* SSVLLIntentsUI.appex */; settings = {ATTRIBUTES = (RemoveHeadersOnCopy, ); }; };
		0CC9FB862158C3B500097F7D /* SSVLLIntents.appex in Embed App Extensions */ = {isa = PBXBuildFile; fileRef = 0CC9FB6D2158C3B500097F7D /* SSVLLIntents.appex */; settings = {ATTRIBUTES = (RemoveHeadersOnCopy, ); }; };
		0CC9FB932158CAA000097F7D /* DataManager.swift in Sources */ = {isa = PBXBuildFile; fileRef = 0C8F74D820F90CDE00F9E952 /* DataManager.swift */; };
		0CC9FB942158CAA100097F7D /* DataManager.swift in Sources */ = {isa = PBXBuildFile; fileRef = 0C8F74D820F90CDE00F9E952 /* DataManager.swift */; };
		0CC9FB952158CAD100097F7D /* Dia.swift in Sources */ = {isa = PBXBuildFile; fileRef = 0C8F74D420F90BF600F9E952 /* Dia.swift */; };
		0CC9FB962158CAD200097F7D /* Dia.swift in Sources */ = {isa = PBXBuildFile; fileRef = 0C8F74D420F90BF600F9E952 /* Dia.swift */; };
		0CC9FB972158CAD500097F7D /* Procesion.swift in Sources */ = {isa = PBXBuildFile; fileRef = 0C8F74D620F90C5100F9E952 /* Procesion.swift */; };
		0CC9FB982158CAD500097F7D /* Procesion.swift in Sources */ = {isa = PBXBuildFile; fileRef = 0C8F74D620F90C5100F9E952 /* Procesion.swift */; };
		0CC9FB992158CAF700097F7D /* Cofradia.swift in Sources */ = {isa = PBXBuildFile; fileRef = 0C5E5B8120F9DA4A0079F3E4 /* Cofradia.swift */; };
		0CC9FB9A2158CAF800097F7D /* Cofradia.swift in Sources */ = {isa = PBXBuildFile; fileRef = 0C5E5B8120F9DA4A0079F3E4 /* Cofradia.swift */; };
		0CC9FB9B2158CAFA00097F7D /* Iglesia.swift in Sources */ = {isa = PBXBuildFile; fileRef = 0C5AFE5320FE18A5002B4A54 /* Iglesia.swift */; };
		0CC9FB9C2158CAFA00097F7D /* Iglesia.swift in Sources */ = {isa = PBXBuildFile; fileRef = 0C5AFE5320FE18A5002B4A54 /* Iglesia.swift */; };
		0CC9FB9D2158CD5C00097F7D /* Dias.plist in Resources */ = {isa = PBXBuildFile; fileRef = 0C8F74D020F8FF1D00F9E952 /* Dias.plist */; };
		0CC9FB9E2158CD5D00097F7D /* Dias.plist in Resources */ = {isa = PBXBuildFile; fileRef = 0C8F74D020F8FF1D00F9E952 /* Dias.plist */; };
		0CC9FB9F2158CD6200097F7D /* Cofradias.plist in Resources */ = {isa = PBXBuildFile; fileRef = 0C8F74D120F8FF1D00F9E952 /* Cofradias.plist */; };
		0CC9FBA02158CD6400097F7D /* Cofradias.plist in Resources */ = {isa = PBXBuildFile; fileRef = 0C8F74D120F8FF1D00F9E952 /* Cofradias.plist */; };
		0CC9FBA12158CD6600097F7D /* Iglesias.plist in Resources */ = {isa = PBXBuildFile; fileRef = 0C5AFE5120FE188A002B4A54 /* Iglesias.plist */; };
		0CC9FBA22158CD6700097F7D /* Iglesias.plist in Resources */ = {isa = PBXBuildFile; fileRef = 0C5AFE5120FE188A002B4A54 /* Iglesias.plist */; };
		0CE635DF20FBA5E000A85607 /* SnapshotHelper.swift in Sources */ = {isa = PBXBuildFile; fileRef = 0CE635DE20FBA5E000A85607 /* SnapshotHelper.swift */; };
/* End PBXBuildFile section */

/* Begin PBXContainerItemProxy section */
		0C8F74B020F8F8B800F9E952 /* PBXContainerItemProxy */ = {
			isa = PBXContainerItemProxy;
			containerPortal = 0C8F749320F8F8B700F9E952 /* Project object */;
			proxyType = 1;
			remoteGlobalIDString = 0C8F749A20F8F8B700F9E952;
			remoteInfo = "Semana Santa Valladolid";
		};
		0C8F74BB20F8F8B800F9E952 /* PBXContainerItemProxy */ = {
			isa = PBXContainerItemProxy;
			containerPortal = 0C8F749320F8F8B700F9E952 /* Project object */;
			proxyType = 1;
			remoteGlobalIDString = 0C8F749A20F8F8B700F9E952;
			remoteInfo = "Semana Santa Valladolid";
		};
		0CC9FB812158C3B500097F7D /* PBXContainerItemProxy */ = {
			isa = PBXContainerItemProxy;
			containerPortal = 0C8F749320F8F8B700F9E952 /* Project object */;
			proxyType = 1;
			remoteGlobalIDString = 0CC9FB752158C3B500097F7D;
			remoteInfo = SSVLLIntentsUI;
		};
		0CC9FB842158C3B500097F7D /* PBXContainerItemProxy */ = {
			isa = PBXContainerItemProxy;
			containerPortal = 0C8F749320F8F8B700F9E952 /* Project object */;
			proxyType = 1;
			remoteGlobalIDString = 0CC9FB6C2158C3B500097F7D;
			remoteInfo = SSVLLIntents;
		};
/* End PBXContainerItemProxy section */

/* Begin PBXCopyFilesBuildPhase section */
		0CC9FB8D2158C3B500097F7D /* Embed App Extensions */ = {
			isa = PBXCopyFilesBuildPhase;
			buildActionMask = 2147483647;
			dstPath = "";
			dstSubfolderSpec = 13;
			files = (
				0CC9FB832158C3B500097F7D /* SSVLLIntentsUI.appex in Embed App Extensions */,
				0CC9FB862158C3B500097F7D /* SSVLLIntents.appex in Embed App Extensions */,
			);
			name = "Embed App Extensions";
			runOnlyForDeploymentPostprocessing = 0;
		};
/* End PBXCopyFilesBuildPhase section */

/* Begin PBXFileReference section */
		0C44E910215912330038442C /* Semana Santa Valladolid.entitlements */ = {isa = PBXFileReference; lastKnownFileType = text.plist.entitlements; path = "Semana Santa Valladolid.entitlements"; sourceTree = "<group>"; };
		0C44E9112159123E0038442C /* SSVLLIntents.entitlements */ = {isa = PBXFileReference; lastKnownFileType = text.plist.entitlements; path = SSVLLIntents.entitlements; sourceTree = "<group>"; };
		0C5AFE5120FE188A002B4A54 /* Iglesias.plist */ = {isa = PBXFileReference; lastKnownFileType = text.plist.xml; path = Iglesias.plist; sourceTree = "<group>"; };
		0C5AFE5320FE18A5002B4A54 /* Iglesia.swift */ = {isa = PBXFileReference; lastKnownFileType = sourcecode.swift; path = Iglesia.swift; sourceTree = "<group>"; };
		0C5E5B7B20F9D5280079F3E4 /* MenuViewController.swift */ = {isa = PBXFileReference; lastKnownFileType = sourcecode.swift; path = MenuViewController.swift; sourceTree = "<group>"; };
		0C5E5B7D20F9D7970079F3E4 /* AjustesViewController.swift */ = {isa = PBXFileReference; lastKnownFileType = sourcecode.swift; path = AjustesViewController.swift; sourceTree = "<group>"; };
		0C5E5B7F20F9D9AE0079F3E4 /* CofradiasViewController.swift */ = {isa = PBXFileReference; lastKnownFileType = sourcecode.swift; path = CofradiasViewController.swift; sourceTree = "<group>"; };
		0C5E5B8120F9DA4A0079F3E4 /* Cofradia.swift */ = {isa = PBXFileReference; lastKnownFileType = sourcecode.swift; path = Cofradia.swift; sourceTree = "<group>"; };
		0C5E5B8320FA1D810079F3E4 /* ProcesionesViewController.swift */ = {isa = PBXFileReference; lastKnownFileType = sourcecode.swift; path = ProcesionesViewController.swift; sourceTree = "<group>"; };
		0C5E5B8520FA1D890079F3E4 /* MapaViewController.swift */ = {isa = PBXFileReference; lastKnownFileType = sourcecode.swift; path = MapaViewController.swift; sourceTree = "<group>"; };
		0C5E5B8720FA1D920079F3E4 /* PasosViewController.swift */ = {isa = PBXFileReference; lastKnownFileType = sourcecode.swift; path = PasosViewController.swift; sourceTree = "<group>"; };
		0C5E5B8920FA1DA30079F3E4 /* DetalleProcesionViewController.swift */ = {isa = PBXFileReference; lastKnownFileType = sourcecode.swift; path = DetalleProcesionViewController.swift; sourceTree = "<group>"; };
		0C5E5B8B20FA1DAC0079F3E4 /* DetalleCofradiaViewController.swift */ = {isa = PBXFileReference; lastKnownFileType = sourcecode.swift; path = DetalleCofradiaViewController.swift; sourceTree = "<group>"; };
		0C5E5B8D20FA1DC40079F3E4 /* ProcesionesCofradiaViewController.swift */ = {isa = PBXFileReference; lastKnownFileType = sourcecode.swift; path = ProcesionesCofradiaViewController.swift; sourceTree = "<group>"; };
		0C6A661C2143FBC500CC9D57 /* Helper.swift */ = {isa = PBXFileReference; lastKnownFileType = sourcecode.swift; path = Helper.swift; sourceTree = "<group>"; };
		0C8F749B20F8F8B700F9E952 /* Semana Santa Valladolid.app */ = {isa = PBXFileReference; explicitFileType = wrapper.application; includeInIndex = 0; path = "Semana Santa Valladolid.app"; sourceTree = BUILT_PRODUCTS_DIR; };
		0C8F749E20F8F8B700F9E952 /* AppDelegate.swift */ = {isa = PBXFileReference; lastKnownFileType = sourcecode.swift; path = AppDelegate.swift; sourceTree = "<group>"; };
		0C8F74A320F8F8B700F9E952 /* Base */ = {isa = PBXFileReference; lastKnownFileType = file.storyboard; name = Base; path = Base.lproj/Main.storyboard; sourceTree = "<group>"; };
		0C8F74A520F8F8B800F9E952 /* Assets.xcassets */ = {isa = PBXFileReference; lastKnownFileType = folder.assetcatalog; path = Assets.xcassets; sourceTree = "<group>"; };
		0C8F74A820F8F8B800F9E952 /* Base */ = {isa = PBXFileReference; lastKnownFileType = file.storyboard; name = Base; path = Base.lproj/LaunchScreen.storyboard; sourceTree = "<group>"; };
		0C8F74AA20F8F8B800F9E952 /* Info.plist */ = {isa = PBXFileReference; lastKnownFileType = text.plist.xml; path = Info.plist; sourceTree = "<group>"; };
		0C8F74AF20F8F8B800F9E952 /* Semana Santa ValladolidTests.xctest */ = {isa = PBXFileReference; explicitFileType = wrapper.cfbundle; includeInIndex = 0; path = "Semana Santa ValladolidTests.xctest"; sourceTree = BUILT_PRODUCTS_DIR; };
		0C8F74B320F8F8B800F9E952 /* Semana_Santa_ValladolidTests.swift */ = {isa = PBXFileReference; lastKnownFileType = sourcecode.swift; path = Semana_Santa_ValladolidTests.swift; sourceTree = "<group>"; };
		0C8F74B520F8F8B800F9E952 /* Info.plist */ = {isa = PBXFileReference; lastKnownFileType = text.plist.xml; path = Info.plist; sourceTree = "<group>"; };
		0C8F74BA20F8F8B800F9E952 /* Semana Santa ValladolidUITests.xctest */ = {isa = PBXFileReference; explicitFileType = wrapper.cfbundle; includeInIndex = 0; path = "Semana Santa ValladolidUITests.xctest"; sourceTree = BUILT_PRODUCTS_DIR; };
		0C8F74BE20F8F8B800F9E952 /* Semana_Santa_ValladolidUITests.swift */ = {isa = PBXFileReference; lastKnownFileType = sourcecode.swift; path = Semana_Santa_ValladolidUITests.swift; sourceTree = "<group>"; };
		0C8F74C020F8F8B800F9E952 /* Info.plist */ = {isa = PBXFileReference; lastKnownFileType = text.plist.xml; path = Info.plist; sourceTree = "<group>"; };
		0C8F74D020F8FF1D00F9E952 /* Dias.plist */ = {isa = PBXFileReference; fileEncoding = 4; lastKnownFileType = text.plist.xml; path = Dias.plist; sourceTree = "<group>"; };
		0C8F74D120F8FF1D00F9E952 /* Cofradias.plist */ = {isa = PBXFileReference; fileEncoding = 4; lastKnownFileType = text.plist.xml; path = Cofradias.plist; sourceTree = "<group>"; };
		0C8F74D420F90BF600F9E952 /* Dia.swift */ = {isa = PBXFileReference; lastKnownFileType = sourcecode.swift; path = Dia.swift; sourceTree = "<group>"; };
		0C8F74D620F90C5100F9E952 /* Procesion.swift */ = {isa = PBXFileReference; lastKnownFileType = sourcecode.swift; path = Procesion.swift; sourceTree = "<group>"; };
		0C8F74D820F90CDE00F9E952 /* DataManager.swift */ = {isa = PBXFileReference; lastKnownFileType = sourcecode.swift; path = DataManager.swift; sourceTree = "<group>"; };
		0CB9546120FBA01B00C35242 /* Crashlytics.framework */ = {isa = PBXFileReference; lastKnownFileType = wrapper.framework; path = Crashlytics.framework; sourceTree = "<group>"; };
		0CB9546220FBA01B00C35242 /* Fabric.framework */ = {isa = PBXFileReference; lastKnownFileType = wrapper.framework; path = Fabric.framework; sourceTree = "<group>"; };
		0CB9B502215B857700D51A1C /* Base */ = {isa = PBXFileReference; lastKnownFileType = file.intentdefinition; name = Base; path = Base.lproj/Intents.intentdefinition; sourceTree = "<group>"; };
		0CB9B505215B87B700D51A1C /* es */ = {isa = PBXFileReference; lastKnownFileType = text.plist.strings; name = es; path = es.lproj/Intents.strings; sourceTree = "<group>"; };
		0CC9FB6D2158C3B500097F7D /* SSVLLIntents.appex */ = {isa = PBXFileReference; explicitFileType = "wrapper.app-extension"; includeInIndex = 0; path = SSVLLIntents.appex; sourceTree = BUILT_PRODUCTS_DIR; };
		0CC9FB6F2158C3B500097F7D /* IntentHandler.swift */ = {isa = PBXFileReference; lastKnownFileType = sourcecode.swift; path = IntentHandler.swift; sourceTree = "<group>"; };
		0CC9FB712158C3B500097F7D /* Info.plist */ = {isa = PBXFileReference; lastKnownFileType = text.plist.xml; path = Info.plist; sourceTree = "<group>"; };
		0CC9FB762158C3B500097F7D /* SSVLLIntentsUI.appex */ = {isa = PBXFileReference; explicitFileType = "wrapper.app-extension"; includeInIndex = 0; path = SSVLLIntentsUI.appex; sourceTree = BUILT_PRODUCTS_DIR; };
		0CC9FB782158C3B500097F7D /* IntentsUI.framework */ = {isa = PBXFileReference; lastKnownFileType = wrapper.framework; name = IntentsUI.framework; path = System/Library/Frameworks/IntentsUI.framework; sourceTree = SDKROOT; };
		0CC9FB7B2158C3B500097F7D /* IntentViewController.swift */ = {isa = PBXFileReference; lastKnownFileType = sourcecode.swift; path = IntentViewController.swift; sourceTree = "<group>"; };
		0CC9FB7E2158C3B500097F7D /* Base */ = {isa = PBXFileReference; lastKnownFileType = file.storyboard; name = Base; path = Base.lproj/MainInterface.storyboard; sourceTree = "<group>"; };
		0CC9FB802158C3B500097F7D /* Info.plist */ = {isa = PBXFileReference; lastKnownFileType = text.plist.xml; path = Info.plist; sourceTree = "<group>"; };
		0CE635DE20FBA5E000A85607 /* SnapshotHelper.swift */ = {isa = PBXFileReference; fileEncoding = 4; lastKnownFileType = sourcecode.swift; name = SnapshotHelper.swift; path = fastlane/SnapshotHelper.swift; sourceTree = SOURCE_ROOT; };
/* End PBXFileReference section */

/* Begin PBXFrameworksBuildPhase section */
		0C8F749820F8F8B700F9E952 /* Frameworks */ = {
			isa = PBXFrameworksBuildPhase;
			buildActionMask = 2147483647;
			files = (
				0CB9546320FBA01C00C35242 /* Crashlytics.framework in Frameworks */,
				0CB9546420FBA01C00C35242 /* Fabric.framework in Frameworks */,
			);
			runOnlyForDeploymentPostprocessing = 0;
		};
		0C8F74AC20F8F8B800F9E952 /* Frameworks */ = {
			isa = PBXFrameworksBuildPhase;
			buildActionMask = 2147483647;
			files = (
			);
			runOnlyForDeploymentPostprocessing = 0;
		};
		0C8F74B720F8F8B800F9E952 /* Frameworks */ = {
			isa = PBXFrameworksBuildPhase;
			buildActionMask = 2147483647;
			files = (
			);
			runOnlyForDeploymentPostprocessing = 0;
		};
		0CC9FB6A2158C3B500097F7D /* Frameworks */ = {
			isa = PBXFrameworksBuildPhase;
			buildActionMask = 2147483647;
			files = (
			);
			runOnlyForDeploymentPostprocessing = 0;
		};
		0CC9FB732158C3B500097F7D /* Frameworks */ = {
			isa = PBXFrameworksBuildPhase;
			buildActionMask = 2147483647;
			files = (
				0CC9FB792158C3B500097F7D /* IntentsUI.framework in Frameworks */,
			);
			runOnlyForDeploymentPostprocessing = 0;
		};
/* End PBXFrameworksBuildPhase section */

/* Begin PBXGroup section */
		0C8F749220F8F8B700F9E952 = {
			isa = PBXGroup;
			children = (
				0CB9546120FBA01B00C35242 /* Crashlytics.framework */,
				0CB9546220FBA01B00C35242 /* Fabric.framework */,
				0C8F749D20F8F8B700F9E952 /* Semana Santa Valladolid */,
				0C8F74B220F8F8B800F9E952 /* Semana Santa ValladolidTests */,
				0C8F74BD20F8F8B800F9E952 /* Semana Santa ValladolidUITests */,
				0CC9FB6E2158C3B500097F7D /* SSVLLIntents */,
				0CC9FB7A2158C3B500097F7D /* SSVLLIntentsUI */,
				0CC9FB772158C3B500097F7D /* Frameworks */,
				0C8F749C20F8F8B700F9E952 /* Products */,
			);
			sourceTree = "<group>";
		};
		0C8F749C20F8F8B700F9E952 /* Products */ = {
			isa = PBXGroup;
			children = (
				0C8F749B20F8F8B700F9E952 /* Semana Santa Valladolid.app */,
				0C8F74AF20F8F8B800F9E952 /* Semana Santa ValladolidTests.xctest */,
				0C8F74BA20F8F8B800F9E952 /* Semana Santa ValladolidUITests.xctest */,
				0CC9FB6D2158C3B500097F7D /* SSVLLIntents.appex */,
				0CC9FB762158C3B500097F7D /* SSVLLIntentsUI.appex */,
			);
			name = Products;
			sourceTree = "<group>";
		};
		0C8F749D20F8F8B700F9E952 /* Semana Santa Valladolid */ = {
			isa = PBXGroup;
			children = (
				0C44E910215912330038442C /* Semana Santa Valladolid.entitlements */,
				0C8F74AA20F8F8B800F9E952 /* Info.plist */,
				0CB9B503215B857700D51A1C /* Intents.intentdefinition */,
				0C8F74CE20F8F91A00F9E952 /* Model */,
				0C8F74CD20F8F91500F9E952 /* View */,
				0C8F74CC20F8F90A00F9E952 /* Controller */,
				0C8F74CF20F8FF0300F9E952 /* Support Files */,
			);
			path = "Semana Santa Valladolid";
			sourceTree = "<group>";
		};
		0C8F74B220F8F8B800F9E952 /* Semana Santa ValladolidTests */ = {
			isa = PBXGroup;
			children = (
				0C8F74B320F8F8B800F9E952 /* Semana_Santa_ValladolidTests.swift */,
				0C8F74B520F8F8B800F9E952 /* Info.plist */,
			);
			path = "Semana Santa ValladolidTests";
			sourceTree = "<group>";
		};
		0C8F74BD20F8F8B800F9E952 /* Semana Santa ValladolidUITests */ = {
			isa = PBXGroup;
			children = (
				0C8F74BE20F8F8B800F9E952 /* Semana_Santa_ValladolidUITests.swift */,
				0CE635DE20FBA5E000A85607 /* SnapshotHelper.swift */,
				0C8F74C020F8F8B800F9E952 /* Info.plist */,
			);
			path = "Semana Santa ValladolidUITests";
			sourceTree = "<group>";
		};
		0C8F74CC20F8F90A00F9E952 /* Controller */ = {
			isa = PBXGroup;
			children = (
				0C8F749E20F8F8B700F9E952 /* AppDelegate.swift */,
				0C6A661C2143FBC500CC9D57 /* Helper.swift */,
				0C8F74D820F90CDE00F9E952 /* DataManager.swift */,
				0C5E5B7B20F9D5280079F3E4 /* MenuViewController.swift */,
				0C5E5B7D20F9D7970079F3E4 /* AjustesViewController.swift */,
				0C5E5B8520FA1D890079F3E4 /* MapaViewController.swift */,
				0C5E5B8720FA1D920079F3E4 /* PasosViewController.swift */,
				0C5E5B8320FA1D810079F3E4 /* ProcesionesViewController.swift */,
				0C5E5B8920FA1DA30079F3E4 /* DetalleProcesionViewController.swift */,
				0C5E5B7F20F9D9AE0079F3E4 /* CofradiasViewController.swift */,
				0C5E5B8B20FA1DAC0079F3E4 /* DetalleCofradiaViewController.swift */,
				0C5E5B8D20FA1DC40079F3E4 /* ProcesionesCofradiaViewController.swift */,
			);
			path = Controller;
			sourceTree = "<group>";
		};
		0C8F74CD20F8F91500F9E952 /* View */ = {
			isa = PBXGroup;
			children = (
				0C8F74A220F8F8B700F9E952 /* Main.storyboard */,
				0C8F74A720F8F8B800F9E952 /* LaunchScreen.storyboard */,
			);
			path = View;
			sourceTree = "<group>";
		};
		0C8F74CE20F8F91A00F9E952 /* Model */ = {
			isa = PBXGroup;
			children = (
				0C8F74D420F90BF600F9E952 /* Dia.swift */,
				0C8F74D620F90C5100F9E952 /* Procesion.swift */,
				0C5E5B8120F9DA4A0079F3E4 /* Cofradia.swift */,
				0C5AFE5320FE18A5002B4A54 /* Iglesia.swift */,
			);
			path = Model;
			sourceTree = "<group>";
		};
		0C8F74CF20F8FF0300F9E952 /* Support Files */ = {
			isa = PBXGroup;
			children = (
				0C8F74D120F8FF1D00F9E952 /* Cofradias.plist */,
				0C8F74D020F8FF1D00F9E952 /* Dias.plist */,
				0C5AFE5120FE188A002B4A54 /* Iglesias.plist */,
				0C8F74A520F8F8B800F9E952 /* Assets.xcassets */,
			);
			path = "Support Files";
			sourceTree = "<group>";
		};
		0CC9FB6E2158C3B500097F7D /* SSVLLIntents */ = {
			isa = PBXGroup;
			children = (
				0C44E9112159123E0038442C /* SSVLLIntents.entitlements */,
				0CC9FB6F2158C3B500097F7D /* IntentHandler.swift */,
				0CC9FB712158C3B500097F7D /* Info.plist */,
			);
			path = SSVLLIntents;
			sourceTree = "<group>";
		};
		0CC9FB772158C3B500097F7D /* Frameworks */ = {
			isa = PBXGroup;
			children = (
				0CC9FB782158C3B500097F7D /* IntentsUI.framework */,
			);
			name = Frameworks;
			sourceTree = "<group>";
		};
		0CC9FB7A2158C3B500097F7D /* SSVLLIntentsUI */ = {
			isa = PBXGroup;
			children = (
				0CC9FB7B2158C3B500097F7D /* IntentViewController.swift */,
				0CC9FB7D2158C3B500097F7D /* MainInterface.storyboard */,
				0CC9FB802158C3B500097F7D /* Info.plist */,
			);
			path = SSVLLIntentsUI;
			sourceTree = "<group>";
		};
/* End PBXGroup section */

/* Begin PBXNativeTarget section */
		0C8F749A20F8F8B700F9E952 /* Semana Santa Valladolid */ = {
			isa = PBXNativeTarget;
			buildConfigurationList = 0C8F74C320F8F8B800F9E952 /* Build configuration list for PBXNativeTarget "Semana Santa Valladolid" */;
			buildPhases = (
				0C8F749720F8F8B700F9E952 /* Sources */,
				0C8F749820F8F8B700F9E952 /* Frameworks */,
				0C8F749920F8F8B700F9E952 /* Resources */,
				0CB9546020FB9F8100C35242 /* ShellScript */,
				0CC9FB8D2158C3B500097F7D /* Embed App Extensions */,
			);
			buildRules = (
			);
			dependencies = (
				0CC9FB822158C3B500097F7D /* PBXTargetDependency */,
				0CC9FB852158C3B500097F7D /* PBXTargetDependency */,
			);
			name = "Semana Santa Valladolid";
			productName = "Semana Santa Valladolid";
			productReference = 0C8F749B20F8F8B700F9E952 /* Semana Santa Valladolid.app */;
			productType = "com.apple.product-type.application";
		};
		0C8F74AE20F8F8B800F9E952 /* Semana Santa ValladolidTests */ = {
			isa = PBXNativeTarget;
			buildConfigurationList = 0C8F74C620F8F8B800F9E952 /* Build configuration list for PBXNativeTarget "Semana Santa ValladolidTests" */;
			buildPhases = (
				0C8F74AB20F8F8B800F9E952 /* Sources */,
				0C8F74AC20F8F8B800F9E952 /* Frameworks */,
				0C8F74AD20F8F8B800F9E952 /* Resources */,
			);
			buildRules = (
			);
			dependencies = (
				0C8F74B120F8F8B800F9E952 /* PBXTargetDependency */,
			);
			name = "Semana Santa ValladolidTests";
			productName = "Semana Santa ValladolidTests";
			productReference = 0C8F74AF20F8F8B800F9E952 /* Semana Santa ValladolidTests.xctest */;
			productType = "com.apple.product-type.bundle.unit-test";
		};
		0C8F74B920F8F8B800F9E952 /* Semana Santa ValladolidUITests */ = {
			isa = PBXNativeTarget;
			buildConfigurationList = 0C8F74C920F8F8B800F9E952 /* Build configuration list for PBXNativeTarget "Semana Santa ValladolidUITests" */;
			buildPhases = (
				0C8F74B620F8F8B800F9E952 /* Sources */,
				0C8F74B720F8F8B800F9E952 /* Frameworks */,
				0C8F74B820F8F8B800F9E952 /* Resources */,
			);
			buildRules = (
			);
			dependencies = (
				0C8F74BC20F8F8B800F9E952 /* PBXTargetDependency */,
			);
			name = "Semana Santa ValladolidUITests";
			productName = "Semana Santa ValladolidUITests";
			productReference = 0C8F74BA20F8F8B800F9E952 /* Semana Santa ValladolidUITests.xctest */;
			productType = "com.apple.product-type.bundle.ui-testing";
		};
		0CC9FB6C2158C3B500097F7D /* SSVLLIntents */ = {
			isa = PBXNativeTarget;
			buildConfigurationList = 0CC9FB8A2158C3B500097F7D /* Build configuration list for PBXNativeTarget "SSVLLIntents" */;
			buildPhases = (
				0CC9FB692158C3B500097F7D /* Sources */,
				0CC9FB6A2158C3B500097F7D /* Frameworks */,
				0CC9FB6B2158C3B500097F7D /* Resources */,
			);
			buildRules = (
			);
			dependencies = (
			);
			name = SSVLLIntents;
			productName = SSVLLIntents;
			productReference = 0CC9FB6D2158C3B500097F7D /* SSVLLIntents.appex */;
			productType = "com.apple.product-type.app-extension";
		};
		0CC9FB752158C3B500097F7D /* SSVLLIntentsUI */ = {
			isa = PBXNativeTarget;
			buildConfigurationList = 0CC9FB872158C3B500097F7D /* Build configuration list for PBXNativeTarget "SSVLLIntentsUI" */;
			buildPhases = (
				0CC9FB722158C3B500097F7D /* Sources */,
				0CC9FB732158C3B500097F7D /* Frameworks */,
				0CC9FB742158C3B500097F7D /* Resources */,
			);
			buildRules = (
			);
			dependencies = (
			);
			name = SSVLLIntentsUI;
			productName = SSVLLIntentsUI;
			productReference = 0CC9FB762158C3B500097F7D /* SSVLLIntentsUI.appex */;
			productType = "com.apple.product-type.app-extension";
		};
/* End PBXNativeTarget section */

/* Begin PBXProject section */
		0C8F749320F8F8B700F9E952 /* Project object */ = {
			isa = PBXProject;
			attributes = {
				LastSwiftUpdateCheck = 1000;
				LastUpgradeCheck = 0940;
				ORGANIZATIONNAME = "Ruben Fernandez";
				TargetAttributes = {
					0C8F749A20F8F8B700F9E952 = {
						CreatedOnToolsVersion = 9.4.1;
						LastSwiftMigration = 1000;
						SystemCapabilities = {
							com.apple.ApplicationGroups.iOS = {
								enabled = 0;
							};
						};
					};
					0C8F74AE20F8F8B800F9E952 = {
						CreatedOnToolsVersion = 9.4.1;
						LastSwiftMigration = 1000;
						TestTargetID = 0C8F749A20F8F8B700F9E952;
					};
					0C8F74B920F8F8B800F9E952 = {
						CreatedOnToolsVersion = 9.4.1;
						LastSwiftMigration = 1000;
						TestTargetID = 0C8F749A20F8F8B700F9E952;
					};
					0CC9FB6C2158C3B500097F7D = {
						CreatedOnToolsVersion = 10.0;
						SystemCapabilities = {
							com.apple.ApplicationGroups.iOS = {
								enabled = 0;
							};
						};
					};
					0CC9FB752158C3B500097F7D = {
						CreatedOnToolsVersion = 10.0;
					};
				};
			};
			buildConfigurationList = 0C8F749620F8F8B700F9E952 /* Build configuration list for PBXProject "Semana Santa Valladolid" */;
			compatibilityVersion = "Xcode 9.3";
			developmentRegion = es;
			hasScannedForEncodings = 0;
			knownRegions = (
				es,
				Base,
			);
			mainGroup = 0C8F749220F8F8B700F9E952;
			productRefGroup = 0C8F749C20F8F8B700F9E952 /* Products */;
			projectDirPath = "";
			projectRoot = "";
			targets = (
				0C8F749A20F8F8B700F9E952 /* Semana Santa Valladolid */,
				0C8F74AE20F8F8B800F9E952 /* Semana Santa ValladolidTests */,
				0C8F74B920F8F8B800F9E952 /* Semana Santa ValladolidUITests */,
				0CC9FB6C2158C3B500097F7D /* SSVLLIntents */,
				0CC9FB752158C3B500097F7D /* SSVLLIntentsUI */,
			);
		};
/* End PBXProject section */

/* Begin PBXResourcesBuildPhase section */
		0C8F749920F8F8B700F9E952 /* Resources */ = {
			isa = PBXResourcesBuildPhase;
			buildActionMask = 2147483647;
			files = (
				0C8F74A920F8F8B800F9E952 /* LaunchScreen.storyboard in Resources */,
				0C8F74D220F8FF1D00F9E952 /* Dias.plist in Resources */,
				0C8F74D320F8FF1D00F9E952 /* Cofradias.plist in Resources */,
				0C8F74A620F8F8B800F9E952 /* Assets.xcassets in Resources */,
				0C8F74A420F8F8B700F9E952 /* Main.storyboard in Resources */,
				0C5AFE5220FE188A002B4A54 /* Iglesias.plist in Resources */,
			);
			runOnlyForDeploymentPostprocessing = 0;
		};
		0C8F74AD20F8F8B800F9E952 /* Resources */ = {
			isa = PBXResourcesBuildPhase;
			buildActionMask = 2147483647;
			files = (
			);
			runOnlyForDeploymentPostprocessing = 0;
		};
		0C8F74B820F8F8B800F9E952 /* Resources */ = {
			isa = PBXResourcesBuildPhase;
			buildActionMask = 2147483647;
			files = (
			);
			runOnlyForDeploymentPostprocessing = 0;
		};
		0CC9FB6B2158C3B500097F7D /* Resources */ = {
			isa = PBXResourcesBuildPhase;
			buildActionMask = 2147483647;
			files = (
				0CC9FB9D2158CD5C00097F7D /* Dias.plist in Resources */,
				0CC9FB9F2158CD6200097F7D /* Cofradias.plist in Resources */,
				0CC9FBA12158CD6600097F7D /* Iglesias.plist in Resources */,
			);
			runOnlyForDeploymentPostprocessing = 0;
		};
		0CC9FB742158C3B500097F7D /* Resources */ = {
			isa = PBXResourcesBuildPhase;
			buildActionMask = 2147483647;
			files = (
				0CC9FBA02158CD6400097F7D /* Cofradias.plist in Resources */,
				0CC9FBA22158CD6700097F7D /* Iglesias.plist in Resources */,
				0CC9FB7F2158C3B500097F7D /* MainInterface.storyboard in Resources */,
				0CC9FB9E2158CD5D00097F7D /* Dias.plist in Resources */,
			);
			runOnlyForDeploymentPostprocessing = 0;
		};
/* End PBXResourcesBuildPhase section */

/* Begin PBXShellScriptBuildPhase section */
		0CB9546020FB9F8100C35242 /* ShellScript */ = {
			isa = PBXShellScriptBuildPhase;
			buildActionMask = 2147483647;
			files = (
			);
			inputFileListPaths = (
			);
			inputPaths = (
				"$(BUILT_PRODUCTS_DIR)/$(INFOPLIST_PATH)",
			);
			outputFileListPaths = (
			);
			outputPaths = (
			);
			runOnlyForDeploymentPostprocessing = 0;
			shellPath = /bin/sh;
			shellScript = "./Fabric.framework/run 8fbc9dec94bbd0963e7ef2b8e834eb2fe03cabf0 4fd1a1e355280684ce0208ac26aabb99a44da7fc9f7fd1ad705d5bc7f2d92f35\n";
		};
/* End PBXShellScriptBuildPhase section */

/* Begin PBXSourcesBuildPhase section */
		0C8F749720F8F8B700F9E952 /* Sources */ = {
			isa = PBXSourcesBuildPhase;
			buildActionMask = 2147483647;
			files = (
				0C5E5B8820FA1D920079F3E4 /* PasosViewController.swift in Sources */,
				0C6A661D2143FBC500CC9D57 /* Helper.swift in Sources */,
				0CB9B4FF215B857700D51A1C /* Intents.intentdefinition in Sources */,
				0C8F74D520F90BF600F9E952 /* Dia.swift in Sources */,
				0C5E5B7C20F9D5280079F3E4 /* MenuViewController.swift in Sources */,
				0C5E5B8220F9DA4A0079F3E4 /* Cofradia.swift in Sources */,
				0C8F74D920F90CDE00F9E952 /* DataManager.swift in Sources */,
				0C5AFE5420FE18A5002B4A54 /* Iglesia.swift in Sources */,
				0C5E5B8020F9D9AE0079F3E4 /* CofradiasViewController.swift in Sources */,
				0C5E5B8420FA1D810079F3E4 /* ProcesionesViewController.swift in Sources */,
				0C5E5B8A20FA1DA30079F3E4 /* DetalleProcesionViewController.swift in Sources */,
				0C5E5B8E20FA1DC40079F3E4 /* ProcesionesCofradiaViewController.swift in Sources */,
				0C8F749F20F8F8B700F9E952 /* AppDelegate.swift in Sources */,
				0C5E5B8620FA1D890079F3E4 /* MapaViewController.swift in Sources */,
				0C5E5B7E20F9D7970079F3E4 /* AjustesViewController.swift in Sources */,
				0C5E5B8C20FA1DAC0079F3E4 /* DetalleCofradiaViewController.swift in Sources */,
				0C8F74D720F90C5100F9E952 /* Procesion.swift in Sources */,
			);
			runOnlyForDeploymentPostprocessing = 0;
		};
		0C8F74AB20F8F8B800F9E952 /* Sources */ = {
			isa = PBXSourcesBuildPhase;
			buildActionMask = 2147483647;
			files = (
				0C8F74B420F8F8B800F9E952 /* Semana_Santa_ValladolidTests.swift in Sources */,
			);
			runOnlyForDeploymentPostprocessing = 0;
		};
		0C8F74B620F8F8B800F9E952 /* Sources */ = {
			isa = PBXSourcesBuildPhase;
			buildActionMask = 2147483647;
			files = (
				0C8F74BF20F8F8B800F9E952 /* Semana_Santa_ValladolidUITests.swift in Sources */,
				0CE635DF20FBA5E000A85607 /* SnapshotHelper.swift in Sources */,
			);
			runOnlyForDeploymentPostprocessing = 0;
		};
		0CC9FB692158C3B500097F7D /* Sources */ = {
			isa = PBXSourcesBuildPhase;
			buildActionMask = 2147483647;
			files = (
				0CB9B500215B857700D51A1C /* Intents.intentdefinition in Sources */,
				0CC9FB972158CAD500097F7D /* Procesion.swift in Sources */,
				0CC9FB992158CAF700097F7D /* Cofradia.swift in Sources */,
				0CC9FB932158CAA000097F7D /* DataManager.swift in Sources */,
				0CC9FB952158CAD100097F7D /* Dia.swift in Sources */,
				0CC9FB702158C3B500097F7D /* IntentHandler.swift in Sources */,
				0CC9FB9B2158CAFA00097F7D /* Iglesia.swift in Sources */,
			);
			runOnlyForDeploymentPostprocessing = 0;
		};
		0CC9FB722158C3B500097F7D /* Sources */ = {
			isa = PBXSourcesBuildPhase;
			buildActionMask = 2147483647;
			files = (
				0CB9B501215B857700D51A1C /* Intents.intentdefinition in Sources */,
				0CC9FB982158CAD500097F7D /* Procesion.swift in Sources */,
				0CC9FB9A2158CAF800097F7D /* Cofradia.swift in Sources */,
				0CC9FB942158CAA100097F7D /* DataManager.swift in Sources */,
				0CC9FB962158CAD200097F7D /* Dia.swift in Sources */,
				0CC9FB7C2158C3B500097F7D /* IntentViewController.swift in Sources */,
				0CC9FB9C2158CAFA00097F7D /* Iglesia.swift in Sources */,
			);
			runOnlyForDeploymentPostprocessing = 0;
		};
/* End PBXSourcesBuildPhase section */

/* Begin PBXTargetDependency section */
		0C8F74B120F8F8B800F9E952 /* PBXTargetDependency */ = {
			isa = PBXTargetDependency;
			target = 0C8F749A20F8F8B700F9E952 /* Semana Santa Valladolid */;
			targetProxy = 0C8F74B020F8F8B800F9E952 /* PBXContainerItemProxy */;
		};
		0C8F74BC20F8F8B800F9E952 /* PBXTargetDependency */ = {
			isa = PBXTargetDependency;
			target = 0C8F749A20F8F8B700F9E952 /* Semana Santa Valladolid */;
			targetProxy = 0C8F74BB20F8F8B800F9E952 /* PBXContainerItemProxy */;
		};
		0CC9FB822158C3B500097F7D /* PBXTargetDependency */ = {
			isa = PBXTargetDependency;
			target = 0CC9FB752158C3B500097F7D /* SSVLLIntentsUI */;
			targetProxy = 0CC9FB812158C3B500097F7D /* PBXContainerItemProxy */;
		};
		0CC9FB852158C3B500097F7D /* PBXTargetDependency */ = {
			isa = PBXTargetDependency;
			target = 0CC9FB6C2158C3B500097F7D /* SSVLLIntents */;
			targetProxy = 0CC9FB842158C3B500097F7D /* PBXContainerItemProxy */;
		};
/* End PBXTargetDependency section */

/* Begin PBXVariantGroup section */
		0C8F74A220F8F8B700F9E952 /* Main.storyboard */ = {
			isa = PBXVariantGroup;
			children = (
				0C8F74A320F8F8B700F9E952 /* Base */,
			);
			name = Main.storyboard;
			sourceTree = "<group>";
		};
		0C8F74A720F8F8B800F9E952 /* LaunchScreen.storyboard */ = {
			isa = PBXVariantGroup;
			children = (
				0C8F74A820F8F8B800F9E952 /* Base */,
			);
			name = LaunchScreen.storyboard;
			sourceTree = "<group>";
		};
		0CB9B503215B857700D51A1C /* Intents.intentdefinition */ = {
			isa = PBXVariantGroup;
			children = (
				0CB9B502215B857700D51A1C /* Base */,
				0CB9B505215B87B700D51A1C /* es */,
			);
			name = Intents.intentdefinition;
			sourceTree = "<group>";
		};
		0CC9FB7D2158C3B500097F7D /* MainInterface.storyboard */ = {
			isa = PBXVariantGroup;
			children = (
				0CC9FB7E2158C3B500097F7D /* Base */,
			);
			name = MainInterface.storyboard;
			sourceTree = "<group>";
		};
/* End PBXVariantGroup section */

/* Begin XCBuildConfiguration section */
		0C8F74C120F8F8B800F9E952 /* Debug */ = {
			isa = XCBuildConfiguration;
			buildSettings = {
				ALWAYS_SEARCH_USER_PATHS = NO;
				CLANG_ANALYZER_NONNULL = YES;
				CLANG_ANALYZER_NUMBER_OBJECT_CONVERSION = YES_AGGRESSIVE;
				CLANG_CXX_LANGUAGE_STANDARD = "gnu++14";
				CLANG_CXX_LIBRARY = "libc++";
				CLANG_ENABLE_MODULES = YES;
				CLANG_ENABLE_OBJC_ARC = YES;
				CLANG_ENABLE_OBJC_WEAK = YES;
				CLANG_WARN_BLOCK_CAPTURE_AUTORELEASING = YES;
				CLANG_WARN_BOOL_CONVERSION = YES;
				CLANG_WARN_COMMA = YES;
				CLANG_WARN_CONSTANT_CONVERSION = YES;
				CLANG_WARN_DEPRECATED_OBJC_IMPLEMENTATIONS = YES;
				CLANG_WARN_DIRECT_OBJC_ISA_USAGE = YES_ERROR;
				CLANG_WARN_DOCUMENTATION_COMMENTS = YES;
				CLANG_WARN_EMPTY_BODY = YES;
				CLANG_WARN_ENUM_CONVERSION = YES;
				CLANG_WARN_INFINITE_RECURSION = YES;
				CLANG_WARN_INT_CONVERSION = YES;
				CLANG_WARN_NON_LITERAL_NULL_CONVERSION = YES;
				CLANG_WARN_OBJC_IMPLICIT_RETAIN_SELF = YES;
				CLANG_WARN_OBJC_LITERAL_CONVERSION = YES;
				CLANG_WARN_OBJC_ROOT_CLASS = YES_ERROR;
				CLANG_WARN_RANGE_LOOP_ANALYSIS = YES;
				CLANG_WARN_STRICT_PROTOTYPES = YES;
				CLANG_WARN_SUSPICIOUS_MOVE = YES;
				CLANG_WARN_UNGUARDED_AVAILABILITY = YES_AGGRESSIVE;
				CLANG_WARN_UNREACHABLE_CODE = YES;
				CLANG_WARN__DUPLICATE_METHOD_MATCH = YES;
				CODE_SIGN_IDENTITY = "iPhone Developer";
				COPY_PHASE_STRIP = NO;
				DEBUG_INFORMATION_FORMAT = dwarf;
				ENABLE_STRICT_OBJC_MSGSEND = YES;
				ENABLE_TESTABILITY = YES;
				GCC_C_LANGUAGE_STANDARD = gnu11;
				GCC_DYNAMIC_NO_PIC = NO;
				GCC_NO_COMMON_BLOCKS = YES;
				GCC_OPTIMIZATION_LEVEL = 0;
				GCC_PREPROCESSOR_DEFINITIONS = (
					"DEBUG=1",
					"$(inherited)",
				);
				GCC_WARN_64_TO_32_BIT_CONVERSION = YES;
				GCC_WARN_ABOUT_RETURN_TYPE = YES_ERROR;
				GCC_WARN_UNDECLARED_SELECTOR = YES;
				GCC_WARN_UNINITIALIZED_AUTOS = YES_AGGRESSIVE;
				GCC_WARN_UNUSED_FUNCTION = YES;
				GCC_WARN_UNUSED_VARIABLE = YES;
				IPHONEOS_DEPLOYMENT_TARGET = 11.4;
				MTL_ENABLE_DEBUG_INFO = YES;
				ONLY_ACTIVE_ARCH = YES;
				SDKROOT = iphoneos;
				SWIFT_ACTIVE_COMPILATION_CONDITIONS = DEBUG;
				SWIFT_OPTIMIZATION_LEVEL = "-Onone";
			};
			name = Debug;
		};
		0C8F74C220F8F8B800F9E952 /* Release */ = {
			isa = XCBuildConfiguration;
			buildSettings = {
				ALWAYS_SEARCH_USER_PATHS = NO;
				CLANG_ANALYZER_NONNULL = YES;
				CLANG_ANALYZER_NUMBER_OBJECT_CONVERSION = YES_AGGRESSIVE;
				CLANG_CXX_LANGUAGE_STANDARD = "gnu++14";
				CLANG_CXX_LIBRARY = "libc++";
				CLANG_ENABLE_MODULES = YES;
				CLANG_ENABLE_OBJC_ARC = YES;
				CLANG_ENABLE_OBJC_WEAK = YES;
				CLANG_WARN_BLOCK_CAPTURE_AUTORELEASING = YES;
				CLANG_WARN_BOOL_CONVERSION = YES;
				CLANG_WARN_COMMA = YES;
				CLANG_WARN_CONSTANT_CONVERSION = YES;
				CLANG_WARN_DEPRECATED_OBJC_IMPLEMENTATIONS = YES;
				CLANG_WARN_DIRECT_OBJC_ISA_USAGE = YES_ERROR;
				CLANG_WARN_DOCUMENTATION_COMMENTS = YES;
				CLANG_WARN_EMPTY_BODY = YES;
				CLANG_WARN_ENUM_CONVERSION = YES;
				CLANG_WARN_INFINITE_RECURSION = YES;
				CLANG_WARN_INT_CONVERSION = YES;
				CLANG_WARN_NON_LITERAL_NULL_CONVERSION = YES;
				CLANG_WARN_OBJC_IMPLICIT_RETAIN_SELF = YES;
				CLANG_WARN_OBJC_LITERAL_CONVERSION = YES;
				CLANG_WARN_OBJC_ROOT_CLASS = YES_ERROR;
				CLANG_WARN_RANGE_LOOP_ANALYSIS = YES;
				CLANG_WARN_STRICT_PROTOTYPES = YES;
				CLANG_WARN_SUSPICIOUS_MOVE = YES;
				CLANG_WARN_UNGUARDED_AVAILABILITY = YES_AGGRESSIVE;
				CLANG_WARN_UNREACHABLE_CODE = YES;
				CLANG_WARN__DUPLICATE_METHOD_MATCH = YES;
				CODE_SIGN_IDENTITY = "iPhone Developer";
				COPY_PHASE_STRIP = NO;
				DEBUG_INFORMATION_FORMAT = "dwarf-with-dsym";
				ENABLE_NS_ASSERTIONS = NO;
				ENABLE_STRICT_OBJC_MSGSEND = YES;
				GCC_C_LANGUAGE_STANDARD = gnu11;
				GCC_NO_COMMON_BLOCKS = YES;
				GCC_WARN_64_TO_32_BIT_CONVERSION = YES;
				GCC_WARN_ABOUT_RETURN_TYPE = YES_ERROR;
				GCC_WARN_UNDECLARED_SELECTOR = YES;
				GCC_WARN_UNINITIALIZED_AUTOS = YES_AGGRESSIVE;
				GCC_WARN_UNUSED_FUNCTION = YES;
				GCC_WARN_UNUSED_VARIABLE = YES;
				IPHONEOS_DEPLOYMENT_TARGET = 11.4;
				MTL_ENABLE_DEBUG_INFO = NO;
				SDKROOT = iphoneos;
				SWIFT_COMPILATION_MODE = wholemodule;
				SWIFT_OPTIMIZATION_LEVEL = "-O";
				VALIDATE_PRODUCT = YES;
			};
			name = Release;
		};
		0C8F74C420F8F8B800F9E952 /* Debug */ = {
			isa = XCBuildConfiguration;
			buildSettings = {
				ALWAYS_EMBED_SWIFT_STANDARD_LIBRARIES = YES;
				ASSETCATALOG_COMPILER_APPICON_NAME = AppIcon;
				CODE_SIGN_STYLE = Automatic;
				DEBUG_INFORMATION_FORMAT = "dwarf-with-dsym";
				DEVELOPMENT_TEAM = M92GJ8T2S2;
				FRAMEWORK_SEARCH_PATHS = (
					"$(inherited)",
					"$(PROJECT_DIR)",
				);
				INFOPLIST_FILE = "Semana Santa Valladolid/Info.plist";
				IPHONEOS_DEPLOYMENT_TARGET = 10.0;
				LD_RUNPATH_SEARCH_PATHS = (
					"$(inherited)",
					"@executable_path/Frameworks",
				);
				PRODUCT_BUNDLE_IDENTIFIER = "com.rubenfernandez.Semana-Santa-Valladolid";
				PRODUCT_NAME = "$(TARGET_NAME)";
				SWIFT_VERSION = 4.0;
				TARGETED_DEVICE_FAMILY = 1;
			};
			name = Debug;
		};
		0C8F74C520F8F8B800F9E952 /* Release */ = {
			isa = XCBuildConfiguration;
			buildSettings = {
				ALWAYS_EMBED_SWIFT_STANDARD_LIBRARIES = YES;
				ASSETCATALOG_COMPILER_APPICON_NAME = AppIcon;
				CODE_SIGN_STYLE = Automatic;
				DEVELOPMENT_TEAM = M92GJ8T2S2;
				FRAMEWORK_SEARCH_PATHS = (
					"$(inherited)",
					"$(PROJECT_DIR)",
				);
				INFOPLIST_FILE = "Semana Santa Valladolid/Info.plist";
				IPHONEOS_DEPLOYMENT_TARGET = 10.0;
				LD_RUNPATH_SEARCH_PATHS = (
					"$(inherited)",
					"@executable_path/Frameworks",
				);
				PRODUCT_BUNDLE_IDENTIFIER = "com.rubenfernandez.Semana-Santa-Valladolid";
				PRODUCT_NAME = "$(TARGET_NAME)";
				SWIFT_VERSION = 4.0;
				TARGETED_DEVICE_FAMILY = 1;
			};
			name = Release;
		};
		0C8F74C720F8F8B800F9E952 /* Debug */ = {
			isa = XCBuildConfiguration;
			buildSettings = {
				ALWAYS_EMBED_SWIFT_STANDARD_LIBRARIES = YES;
				BUNDLE_LOADER = "$(TEST_HOST)";
				CODE_SIGN_STYLE = Automatic;
				DEVELOPMENT_TEAM = M92GJ8T2S2;
				INFOPLIST_FILE = "Semana Santa ValladolidTests/Info.plist";
				LD_RUNPATH_SEARCH_PATHS = (
					"$(inherited)",
					"@executable_path/Frameworks",
					"@loader_path/Frameworks",
				);
				PRODUCT_BUNDLE_IDENTIFIER = "com.rubenfernandez.Semana-Santa-ValladolidTests";
				PRODUCT_NAME = "$(TARGET_NAME)";
				SWIFT_VERSION = 4.2;
				TARGETED_DEVICE_FAMILY = "1,2";
				TEST_HOST = "$(BUILT_PRODUCTS_DIR)/Semana Santa Valladolid.app/Semana Santa Valladolid";
			};
			name = Debug;
		};
		0C8F74C820F8F8B800F9E952 /* Release */ = {
			isa = XCBuildConfiguration;
			buildSettings = {
				ALWAYS_EMBED_SWIFT_STANDARD_LIBRARIES = YES;
				BUNDLE_LOADER = "$(TEST_HOST)";
				CODE_SIGN_STYLE = Automatic;
				DEVELOPMENT_TEAM = M92GJ8T2S2;
				INFOPLIST_FILE = "Semana Santa ValladolidTests/Info.plist";
				LD_RUNPATH_SEARCH_PATHS = (
					"$(inherited)",
					"@executable_path/Frameworks",
					"@loader_path/Frameworks",
				);
				PRODUCT_BUNDLE_IDENTIFIER = "com.rubenfernandez.Semana-Santa-ValladolidTests";
				PRODUCT_NAME = "$(TARGET_NAME)";
				SWIFT_VERSION = 4.2;
				TARGETED_DEVICE_FAMILY = "1,2";
				TEST_HOST = "$(BUILT_PRODUCTS_DIR)/Semana Santa Valladolid.app/Semana Santa Valladolid";
			};
			name = Release;
		};
		0C8F74CA20F8F8B800F9E952 /* Debug */ = {
			isa = XCBuildConfiguration;
			buildSettings = {
				ALWAYS_EMBED_SWIFT_STANDARD_LIBRARIES = YES;
				CODE_SIGN_STYLE = Automatic;
				DEVELOPMENT_TEAM = M92GJ8T2S2;
				INFOPLIST_FILE = "Semana Santa ValladolidUITests/Info.plist";
				LD_RUNPATH_SEARCH_PATHS = (
					"$(inherited)",
					"@executable_path/Frameworks",
					"@loader_path/Frameworks",
				);
				PRODUCT_BUNDLE_IDENTIFIER = "com.rubenfernandez.Semana-Santa-ValladolidUITests";
				PRODUCT_NAME = "$(TARGET_NAME)";
				SWIFT_VERSION = 4.2;
				TARGETED_DEVICE_FAMILY = "1,2";
				TEST_TARGET_NAME = "Semana Santa Valladolid";
			};
			name = Debug;
		};
		0C8F74CB20F8F8B800F9E952 /* Release */ = {
			isa = XCBuildConfiguration;
			buildSettings = {
				ALWAYS_EMBED_SWIFT_STANDARD_LIBRARIES = YES;
				CODE_SIGN_STYLE = Automatic;
				DEVELOPMENT_TEAM = M92GJ8T2S2;
				INFOPLIST_FILE = "Semana Santa ValladolidUITests/Info.plist";
				LD_RUNPATH_SEARCH_PATHS = (
					"$(inherited)",
					"@executable_path/Frameworks",
					"@loader_path/Frameworks",
				);
				PRODUCT_BUNDLE_IDENTIFIER = "com.rubenfernandez.Semana-Santa-ValladolidUITests";
				PRODUCT_NAME = "$(TARGET_NAME)";
				SWIFT_VERSION = 4.2;
				TARGETED_DEVICE_FAMILY = "1,2";
				TEST_TARGET_NAME = "Semana Santa Valladolid";
			};
			name = Release;
		};
		0CC9FB882158C3B500097F7D /* Debug */ = {
			isa = XCBuildConfiguration;
			buildSettings = {
				CODE_SIGN_STYLE = Automatic;
				DEVELOPMENT_TEAM = M92GJ8T2S2;
				INFOPLIST_FILE = SSVLLIntentsUI/Info.plist;
				IPHONEOS_DEPLOYMENT_TARGET = 12.0;
				LD_RUNPATH_SEARCH_PATHS = (
					"$(inherited)",
					"@executable_path/Frameworks",
					"@executable_path/../../Frameworks",
				);
				MTL_ENABLE_DEBUG_INFO = INCLUDE_SOURCE;
				MTL_FAST_MATH = YES;
				PRODUCT_BUNDLE_IDENTIFIER = "com.rubenfernandez.Semana-Santa-Valladolid.SSVLLIntentsUI";
				PRODUCT_NAME = "$(TARGET_NAME)";
				SKIP_INSTALL = YES;
				SWIFT_VERSION = 4.2;
				TARGETED_DEVICE_FAMILY = "1,2";
			};
			name = Debug;
		};
		0CC9FB892158C3B500097F7D /* Release */ = {
			isa = XCBuildConfiguration;
			buildSettings = {
				CODE_SIGN_STYLE = Automatic;
				DEVELOPMENT_TEAM = M92GJ8T2S2;
				INFOPLIST_FILE = SSVLLIntentsUI/Info.plist;
				IPHONEOS_DEPLOYMENT_TARGET = 12.0;
				LD_RUNPATH_SEARCH_PATHS = (
					"$(inherited)",
					"@executable_path/Frameworks",
					"@executable_path/../../Frameworks",
				);
				MTL_FAST_MATH = YES;
				PRODUCT_BUNDLE_IDENTIFIER = "com.rubenfernandez.Semana-Santa-Valladolid.SSVLLIntentsUI";
				PRODUCT_NAME = "$(TARGET_NAME)";
				SKIP_INSTALL = YES;
				SWIFT_VERSION = 4.2;
				TARGETED_DEVICE_FAMILY = "1,2";
			};
			name = Release;
		};
		0CC9FB8B2158C3B500097F7D /* Debug */ = {
			isa = XCBuildConfiguration;
			buildSettings = {
				CODE_SIGN_STYLE = Automatic;
				DEVELOPMENT_TEAM = M92GJ8T2S2;
				INFOPLIST_FILE = SSVLLIntents/Info.plist;
				IPHONEOS_DEPLOYMENT_TARGET = 12.0;
				LD_RUNPATH_SEARCH_PATHS = (
					"$(inherited)",
					"@executable_path/Frameworks",
					"@executable_path/../../Frameworks",
				);
				MTL_ENABLE_DEBUG_INFO = INCLUDE_SOURCE;
				MTL_FAST_MATH = YES;
				PRODUCT_BUNDLE_IDENTIFIER = "com.rubenfernandez.Semana-Santa-Valladolid.SSVLLIntents";
				PRODUCT_NAME = "$(TARGET_NAME)";
				SKIP_INSTALL = YES;
				SWIFT_VERSION = 4.2;
				TARGETED_DEVICE_FAMILY = "1,2";
			};
			name = Debug;
		};
		0CC9FB8C2158C3B500097F7D /* Release */ = {
			isa = XCBuildConfiguration;
			buildSettings = {
				CODE_SIGN_STYLE = Automatic;
				DEVELOPMENT_TEAM = M92GJ8T2S2;
				INFOPLIST_FILE = SSVLLIntents/Info.plist;
				IPHONEOS_DEPLOYMENT_TARGET = 12.0;
				LD_RUNPATH_SEARCH_PATHS = (
					"$(inherited)",
					"@executable_path/Frameworks",
					"@executable_path/../../Frameworks",
				);
				MTL_FAST_MATH = YES;
				PRODUCT_BUNDLE_IDENTIFIER = "com.rubenfernandez.Semana-Santa-Valladolid.SSVLLIntents";
				PRODUCT_NAME = "$(TARGET_NAME)";
				SKIP_INSTALL = YES;
				SWIFT_VERSION = 4.2;
				TARGETED_DEVICE_FAMILY = "1,2";
			};
			name = Release;
		};
/* End XCBuildConfiguration section */

/* Begin XCConfigurationList section */
		0C8F749620F8F8B700F9E952 /* Build configuration list for PBXProject "Semana Santa Valladolid" */ = {
			isa = XCConfigurationList;
			buildConfigurations = (
				0C8F74C120F8F8B800F9E952 /* Debug */,
				0C8F74C220F8F8B800F9E952 /* Release */,
			);
			defaultConfigurationIsVisible = 0;
			defaultConfigurationName = Release;
		};
		0C8F74C320F8F8B800F9E952 /* Build configuration list for PBXNativeTarget "Semana Santa Valladolid" */ = {
			isa = XCConfigurationList;
			buildConfigurations = (
				0C8F74C420F8F8B800F9E952 /* Debug */,
				0C8F74C520F8F8B800F9E952 /* Release */,
			);
			defaultConfigurationIsVisible = 0;
			defaultConfigurationName = Release;
		};
		0C8F74C620F8F8B800F9E952 /* Build configuration list for PBXNativeTarget "Semana Santa ValladolidTests" */ = {
			isa = XCConfigurationList;
			buildConfigurations = (
				0C8F74C720F8F8B800F9E952 /* Debug */,
				0C8F74C820F8F8B800F9E952 /* Release */,
			);
			defaultConfigurationIsVisible = 0;
			defaultConfigurationName = Release;
		};
		0C8F74C920F8F8B800F9E952 /* Build configuration list for PBXNativeTarget "Semana Santa ValladolidUITests" */ = {
			isa = XCConfigurationList;
			buildConfigurations = (
				0C8F74CA20F8F8B800F9E952 /* Debug */,
				0C8F74CB20F8F8B800F9E952 /* Release */,
			);
			defaultConfigurationIsVisible = 0;
			defaultConfigurationName = Release;
		};
		0CC9FB872158C3B500097F7D /* Build configuration list for PBXNativeTarget "SSVLLIntentsUI" */ = {
			isa = XCConfigurationList;
			buildConfigurations = (
				0CC9FB882158C3B500097F7D /* Debug */,
				0CC9FB892158C3B500097F7D /* Release */,
			);
			defaultConfigurationIsVisible = 0;
			defaultConfigurationName = Release;
		};
		0CC9FB8A2158C3B500097F7D /* Build configuration list for PBXNativeTarget "SSVLLIntents" */ = {
			isa = XCConfigurationList;
			buildConfigurations = (
				0CC9FB8B2158C3B500097F7D /* Debug */,
				0CC9FB8C2158C3B500097F7D /* Release */,
			);
			defaultConfigurationIsVisible = 0;
			defaultConfigurationName = Release;
		};
/* End XCConfigurationList section */
	};
	rootObject = 0C8F749320F8F8B700F9E952 /* Project object */;
}
